
Microsoft Visual Studio Solution File, Format Version 12.00
# Visual Studio Version 16
VisualStudioVersion = 16.0.29613.14
MinimumVisualStudioVersion = 10.0.40219.1
Project("{9092AA53-FB77-4645-B42D-1CCCA6BD08BD}") = "NodejsConsoleApp1", "NodejsConsoleApp1.njsproj", "{3368F31C-159A-4CE4-BD0D-D664EEEA2198}"
EndProject
Global
	GlobalSection(SolutionConfigurationPlatforms) = preSolution
		Debug|Any CPU = Debug|Any CPU
		Release|Any CPU = Release|Any CPU
	EndGlobalSection
	GlobalSection(ProjectConfigurationPlatforms) = postSolution
		{3368F31C-159A-4CE4-BD0D-D664EEEA2198}.Debug|Any CPU.ActiveCfg = Debug|Any CPU
		{3368F31C-159A-4CE4-BD0D-D664EEEA2198}.Debug|Any CPU.Build.0 = Debug|Any CPU
		{3368F31C-159A-4CE4-BD0D-D664EEEA2198}.Release|Any CPU.ActiveCfg = Release|Any CPU
		{3368F31C-159A-4CE4-BD0D-D664EEEA2198}.Release|Any CPU.Build.0 = Release|Any CPU
	EndGlobalSection
	GlobalSection(SolutionProperties) = preSolution
		HideSolutionNode = FALSE
	EndGlobalSection
	GlobalSection(ExtensibilityGlobals) = postSolution
		SolutionGuid = {02668A18-D098-4043-9BBB-1190793FC48E}
	EndGlobalSection
EndGlobal
